
Microsoft Visual Studio Solution File, Format Version 12.00
# Visual Studio 15
VisualStudioVersion = 15.0.28307.779
MinimumVisualStudioVersion = 10.0.40219.1
Project("{FAE04EC0-301F-11D3-BF4B-00C04F79EFBC}") = "F5074.LauncherWPF", "F5074.LauncherWPF\F5074.LauncherWPF.csproj", "{B78576B8-F80B-4F69-8069-1A5341B29AF9}"
EndProject
Project("{FAE04EC0-301F-11D3-BF4B-00C04F79EFBC}") = "F5074.MyBatisDataMapper", "F5074.MyBatisDataMapper\F5074.MyBatisDataMapper.csproj", "{CBE0C77D-77A1-4022-A7C8-0EBAC23BDBA0}"
EndProject
Global
	GlobalSection(SolutionConfigurationPlatforms) = preSolution
		Debug|Any CPU = Debug|Any CPU
		Release|Any CPU = Release|Any CPU
	EndGlobalSection
	GlobalSection(ProjectConfigurationPlatforms) = postSolution
		{B78576B8-F80B-4F69-8069-1A5341B29AF9}.Debug|Any CPU.ActiveCfg = Debug|Any CPU
		{B78576B8-F80B-4F69-8069-1A5341B29AF9}.Debug|Any CPU.Build.0 = Debug|Any CPU
		{B78576B8-F80B-4F69-8069-1A5341B29AF9}.Release|Any CPU.ActiveCfg = Release|Any CPU
		{B78576B8-F80B-4F69-8069-1A5341B29AF9}.Release|Any CPU.Build.0 = Release|Any CPU
		{CBE0C77D-77A1-4022-A7C8-0EBAC23BDBA0}.Debug|Any CPU.ActiveCfg = Debug|Any CPU
		{CBE0C77D-77A1-4022-A7C8-0EBAC23BDBA0}.Debug|Any CPU.Build.0 = Debug|Any CPU
		{CBE0C77D-77A1-4022-A7C8-0EBAC23BDBA0}.Release|Any CPU.ActiveCfg = Release|Any CPU
		{CBE0C77D-77A1-4022-A7C8-0EBAC23BDBA0}.Release|Any CPU.Build.0 = Release|Any CPU
	EndGlobalSection
	GlobalSection(SolutionProperties) = preSolution
		HideSolutionNode = FALSE
	EndGlobalSection
	GlobalSection(ExtensibilityGlobals) = postSolution
		SolutionGuid = {0ADB8391-B50C-43AE-9A4F-4C18C241B1F7}
	EndGlobalSection
EndGlobal
